
Microsoft Visual Studio Solution File, Format Version 12.00
# Visual Studio Version 17
VisualStudioVersion = 17.8.34330.188
MinimumVisualStudioVersion = 10.0.40219.1
Project("{9A19103F-16F7-4668-BE54-9A1E7A4F7556}") = "H4SoftwareTest", "H4SoftwareTest\H4SoftwareTest.csproj", "{47951AA6-898B-4539-8336-2682FD4BF2B6}"
EndProject
Project("{FAE04EC0-301F-11D3-BF4B-00C04F79EFBC}") = "H4SoftwareTestTestProject", "H4SoftwareTestTestProject\H4SoftwareTestTestProject.csproj", "{43D8DA38-C293-4292-BF0E-60D466291B05}"
EndProject
Global
	GlobalSection(SolutionConfigurationPlatforms) = preSolution
		Debug|Any CPU = Debug|Any CPU
		Release|Any CPU = Release|Any CPU
	EndGlobalSection
	GlobalSection(ProjectConfigurationPlatforms) = postSolution
		{47951AA6-898B-4539-8336-2682FD4BF2B6}.Debug|Any CPU.ActiveCfg = Debug|Any CPU
		{47951AA6-898B-4539-8336-2682FD4BF2B6}.Debug|Any CPU.Build.0 = Debug|Any CPU
		{47951AA6-898B-4539-8336-2682FD4BF2B6}.Release|Any CPU.ActiveCfg = Release|Any CPU
		{47951AA6-898B-4539-8336-2682FD4BF2B6}.Release|Any CPU.Build.0 = Release|Any CPU
		{43D8DA38-C293-4292-BF0E-60D466291B05}.Debug|Any CPU.ActiveCfg = Debug|Any CPU
		{43D8DA38-C293-4292-BF0E-60D466291B05}.Debug|Any CPU.Build.0 = Debug|Any CPU
		{43D8DA38-C293-4292-BF0E-60D466291B05}.Release|Any CPU.ActiveCfg = Release|Any CPU
		{43D8DA38-C293-4292-BF0E-60D466291B05}.Release|Any CPU.Build.0 = Release|Any CPU
	EndGlobalSection
	GlobalSection(SolutionProperties) = preSolution
		HideSolutionNode = FALSE
	EndGlobalSection
	GlobalSection(ExtensibilityGlobals) = postSolution
		SolutionGuid = {8FEC71B2-4EBE-47EA-838B-D71B952D2C66}
	EndGlobalSection
EndGlobal
